
Microsoft Visual Studio Solution File, Format Version 12.00
# Visual Studio 15
VisualStudioVersion = 15.0.26403.7
MinimumVisualStudioVersion = 10.0.40219.1
Project("{FAE04EC0-301F-11D3-BF4B-00C04F79EFBC}") = "RC.FacElecCol.ServicioWindows", "RC.FacElecCol.WinService\RC.FacElecCol.ServicioWindows.csproj", "{57ADFC1A-6E13-40D3-B956-38B80DC7085A}"
EndProject
Project("{2150E333-8FDC-42A3-9474-1A3956D46DE8}") = "01. Servicio", "01. Servicio", "{F4452CD5-A88B-47C2-864D-FAD6F6299794}"
EndProject
Project("{FAE04EC0-301F-11D3-BF4B-00C04F79EFBC}") = "RC.FacElecCol.Fachada", "RC.FacElecCol.Fachada\RC.FacElecCol.Fachada.csproj", "{F5998B2C-AF38-4847-9EB1-8448C980464A}"
EndProject
Project("{2150E333-8FDC-42A3-9474-1A3956D46DE8}") = "02. Fachada", "02. Fachada", "{EBCDAFC3-A0D4-475C-BC44-41FB50DE789A}"
EndProject
Project("{2150E333-8FDC-42A3-9474-1A3956D46DE8}") = "03. ReglaNegocio", "03. ReglaNegocio", "{B8EEDE64-B084-4582-BD92-6B9EEBF53C02}"
EndProject
Project("{FAE04EC0-301F-11D3-BF4B-00C04F79EFBC}") = "RC.FacElecCol.ReglasNegocio", "RC.FacElecCol.ReglasNegocio\RC.FacElecCol.ReglasNegocio.csproj", "{8EDACEBB-8031-42CA-BD32-67C1B53199D1}"
EndProject
Project("{2150E333-8FDC-42A3-9474-1A3956D46DE8}") = "04. Datos", "04. Datos", "{0BDCAB14-9DC9-42C3-8245-40180984633A}"
EndProject
Project("{FAE04EC0-301F-11D3-BF4B-00C04F79EFBC}") = "RC.FacElecCol.ModeloDatos", "RC.FacElecCol.ModeloDatos\RC.FacElecCol.ModeloDatos.csproj", "{672B3584-F069-43B0-8F80-984497E21507}"
EndProject
Project("{FAE04EC0-301F-11D3-BF4B-00C04F79EFBC}") = "RC.FacElecCol.Repositorio", "RC.FacElecCol.Repositorio\RC.FacElecCol.Repositorio.csproj", "{03F25605-6AF0-4A4E-A32C-AFEC71C099EC}"
EndProject
Project("{2150E333-8FDC-42A3-9474-1A3956D46DE8}") = "05. Transversal", "05. Transversal", "{5517667F-BFD8-4575-AF4D-A4E620A44DA2}"
EndProject
Project("{FAE04EC0-301F-11D3-BF4B-00C04F79EFBC}") = "RC.FacElecCol.Comun", "RC.FacElecCol.Comun\RC.FacElecCol.Comun.csproj", "{65022FAD-0B88-49EA-B17D-531AADA69949}"
EndProject
Project("{FAE04EC0-301F-11D3-BF4B-00C04F79EFBC}") = "RC.FacElecCol.Dependencia", "RC.FacElecCol.Dependencia\RC.FacElecCol.Dependencia.csproj", "{81043323-78A6-40BB-B86A-7FA9F0D8469C}"
EndProject
Project("{FAE04EC0-301F-11D3-BF4B-00C04F79EFBC}") = "RC.FacElecCol.Modelo", "RC.FacElecCol.Modelo\RC.FacElecCol.Modelo.csproj", "{CC85C3E6-8709-49DE-A86D-6ED2ADB18263}"
EndProject
Project("{FAE04EC0-301F-11D3-BF4B-00C04F79EFBC}") = "RC.FacElecCol.Utilidad", "RC.FacElecCol.Utilidad\RC.FacElecCol.Utilidad.csproj", "{D3845DAB-4C84-4137-BC4A-69F48E7ADB46}"
EndProject
Project("{2150E333-8FDC-42A3-9474-1A3956D46DE8}") = "06. Pruebas", "06. Pruebas", "{646D547E-1259-44C2-8FD5-B2470FA17858}"
EndProject
Project("{FAE04EC0-301F-11D3-BF4B-00C04F79EFBC}") = "RC.FacElecCol.Aspecto", "RC.FacElecCol.Aspecto\RC.FacElecCol.Aspecto.csproj", "{774E5D78-42D2-4D76-8B65-25F6A20DE312}"
EndProject
Project("{FAE04EC0-301F-11D3-BF4B-00C04F79EFBC}") = "RC.FacElecCol.PruebaUnitaria", "RC.FacElecCol.PruebaUnitaria\RC.FacElecCol.PruebaUnitaria.csproj", "{61E9392D-1145-41C5-AFB7-C04238F27BA1}"
EndProject
Global
	GlobalSection(SolutionConfigurationPlatforms) = preSolution
		Debug|Any CPU = Debug|Any CPU
		Release|Any CPU = Release|Any CPU
	EndGlobalSection
	GlobalSection(ProjectConfigurationPlatforms) = postSolution
		{57ADFC1A-6E13-40D3-B956-38B80DC7085A}.Debug|Any CPU.ActiveCfg = Debug|Any CPU
		{57ADFC1A-6E13-40D3-B956-38B80DC7085A}.Debug|Any CPU.Build.0 = Debug|Any CPU
		{57ADFC1A-6E13-40D3-B956-38B80DC7085A}.Release|Any CPU.ActiveCfg = Release|Any CPU
		{57ADFC1A-6E13-40D3-B956-38B80DC7085A}.Release|Any CPU.Build.0 = Release|Any CPU
		{F5998B2C-AF38-4847-9EB1-8448C980464A}.Debug|Any CPU.ActiveCfg = Debug|Any CPU
		{F5998B2C-AF38-4847-9EB1-8448C980464A}.Debug|Any CPU.Build.0 = Debug|Any CPU
		{F5998B2C-AF38-4847-9EB1-8448C980464A}.Release|Any CPU.ActiveCfg = Release|Any CPU
		{F5998B2C-AF38-4847-9EB1-8448C980464A}.Release|Any CPU.Build.0 = Release|Any CPU
		{8EDACEBB-8031-42CA-BD32-67C1B53199D1}.Debug|Any CPU.ActiveCfg = Debug|Any CPU
		{8EDACEBB-8031-42CA-BD32-67C1B53199D1}.Debug|Any CPU.Build.0 = Debug|Any CPU
		{8EDACEBB-8031-42CA-BD32-67C1B53199D1}.Release|Any CPU.ActiveCfg = Release|Any CPU
		{8EDACEBB-8031-42CA-BD32-67C1B53199D1}.Release|Any CPU.Build.0 = Release|Any CPU
		{672B3584-F069-43B0-8F80-984497E21507}.Debug|Any CPU.ActiveCfg = Debug|Any CPU
		{672B3584-F069-43B0-8F80-984497E21507}.Debug|Any CPU.Build.0 = Debug|Any CPU
		{672B3584-F069-43B0-8F80-984497E21507}.Release|Any CPU.ActiveCfg = Release|Any CPU
		{672B3584-F069-43B0-8F80-984497E21507}.Release|Any CPU.Build.0 = Release|Any CPU
		{03F25605-6AF0-4A4E-A32C-AFEC71C099EC}.Debug|Any CPU.ActiveCfg = Debug|Any CPU
		{03F25605-6AF0-4A4E-A32C-AFEC71C099EC}.Debug|Any CPU.Build.0 = Debug|Any CPU
		{03F25605-6AF0-4A4E-A32C-AFEC71C099EC}.Release|Any CPU.ActiveCfg = Release|Any CPU
		{03F25605-6AF0-4A4E-A32C-AFEC71C099EC}.Release|Any CPU.Build.0 = Release|Any CPU
		{65022FAD-0B88-49EA-B17D-531AADA69949}.Debug|Any CPU.ActiveCfg = Debug|Any CPU
		{65022FAD-0B88-49EA-B17D-531AADA69949}.Debug|Any CPU.Build.0 = Debug|Any CPU
		{65022FAD-0B88-49EA-B17D-531AADA69949}.Release|Any CPU.ActiveCfg = Release|Any CPU
		{65022FAD-0B88-49EA-B17D-531AADA69949}.Release|Any CPU.Build.0 = Release|Any CPU
		{81043323-78A6-40BB-B86A-7FA9F0D8469C}.Debug|Any CPU.ActiveCfg = Debug|Any CPU
		{81043323-78A6-40BB-B86A-7FA9F0D8469C}.Debug|Any CPU.Build.0 = Debug|Any CPU
		{81043323-78A6-40BB-B86A-7FA9F0D8469C}.Release|Any CPU.ActiveCfg = Release|Any CPU
		{81043323-78A6-40BB-B86A-7FA9F0D8469C}.Release|Any CPU.Build.0 = Release|Any CPU
		{CC85C3E6-8709-49DE-A86D-6ED2ADB18263}.Debug|Any CPU.ActiveCfg = Debug|Any CPU
		{CC85C3E6-8709-49DE-A86D-6ED2ADB18263}.Debug|Any CPU.Build.0 = Debug|Any CPU
		{CC85C3E6-8709-49DE-A86D-6ED2ADB18263}.Release|Any CPU.ActiveCfg = Release|Any CPU
		{CC85C3E6-8709-49DE-A86D-6ED2ADB18263}.Release|Any CPU.Build.0 = Release|Any CPU
		{D3845DAB-4C84-4137-BC4A-69F48E7ADB46}.Debug|Any CPU.ActiveCfg = Debug|Any CPU
		{D3845DAB-4C84-4137-BC4A-69F48E7ADB46}.Debug|Any CPU.Build.0 = Debug|Any CPU
		{D3845DAB-4C84-4137-BC4A-69F48E7ADB46}.Release|Any CPU.ActiveCfg = Release|Any CPU
		{D3845DAB-4C84-4137-BC4A-69F48E7ADB46}.Release|Any CPU.Build.0 = Release|Any CPU
		{774E5D78-42D2-4D76-8B65-25F6A20DE312}.Debug|Any CPU.ActiveCfg = Debug|Any CPU
		{774E5D78-42D2-4D76-8B65-25F6A20DE312}.Debug|Any CPU.Build.0 = Debug|Any CPU
		{774E5D78-42D2-4D76-8B65-25F6A20DE312}.Release|Any CPU.ActiveCfg = Release|Any CPU
		{774E5D78-42D2-4D76-8B65-25F6A20DE312}.Release|Any CPU.Build.0 = Release|Any CPU
		{61E9392D-1145-41C5-AFB7-C04238F27BA1}.Debug|Any CPU.ActiveCfg = Debug|Any CPU
		{61E9392D-1145-41C5-AFB7-C04238F27BA1}.Debug|Any CPU.Build.0 = Debug|Any CPU
		{61E9392D-1145-41C5-AFB7-C04238F27BA1}.Release|Any CPU.ActiveCfg = Release|Any CPU
		{61E9392D-1145-41C5-AFB7-C04238F27BA1}.Release|Any CPU.Build.0 = Release|Any CPU
	EndGlobalSection
	GlobalSection(SolutionProperties) = preSolution
		HideSolutionNode = FALSE
	EndGlobalSection
	GlobalSection(NestedProjects) = preSolution
		{57ADFC1A-6E13-40D3-B956-38B80DC7085A} = {F4452CD5-A88B-47C2-864D-FAD6F6299794}
		{F5998B2C-AF38-4847-9EB1-8448C980464A} = {EBCDAFC3-A0D4-475C-BC44-41FB50DE789A}
		{8EDACEBB-8031-42CA-BD32-67C1B53199D1} = {B8EEDE64-B084-4582-BD92-6B9EEBF53C02}
		{672B3584-F069-43B0-8F80-984497E21507} = {0BDCAB14-9DC9-42C3-8245-40180984633A}
		{03F25605-6AF0-4A4E-A32C-AFEC71C099EC} = {0BDCAB14-9DC9-42C3-8245-40180984633A}
		{65022FAD-0B88-49EA-B17D-531AADA69949} = {5517667F-BFD8-4575-AF4D-A4E620A44DA2}
		{81043323-78A6-40BB-B86A-7FA9F0D8469C} = {5517667F-BFD8-4575-AF4D-A4E620A44DA2}
		{CC85C3E6-8709-49DE-A86D-6ED2ADB18263} = {5517667F-BFD8-4575-AF4D-A4E620A44DA2}
		{D3845DAB-4C84-4137-BC4A-69F48E7ADB46} = {5517667F-BFD8-4575-AF4D-A4E620A44DA2}
		{774E5D78-42D2-4D76-8B65-25F6A20DE312} = {EBCDAFC3-A0D4-475C-BC44-41FB50DE789A}
		{61E9392D-1145-41C5-AFB7-C04238F27BA1} = {646D547E-1259-44C2-8FD5-B2470FA17858}
	EndGlobalSection
	GlobalSection(ExtensibilityGlobals) = postSolution
		SolutionGuid = {EDA89885-FE59-424D-B940-BA6E749785E4}
	EndGlobalSection
EndGlobal
